
Microsoft Visual Studio Solution File, Format Version 12.00
# Visual Studio Version 17
VisualStudioVersion = 17.3.32901.215
MinimumVisualStudioVersion = 10.0.40219.1
Project("{9A19103F-16F7-4668-BE54-9A1E7A4F7556}") = "IPayRailz", "HangFire-Demo\IPayRailz.csproj", "{81F1D066-1401-418F-899E-F7074DAFC971}"
EndProject
Project("{FAE04EC0-301F-11D3-BF4B-00C04F79EFBC}") = "Ipass", "Ipass\Ipass.csproj", "{E9D00D06-2421-4665-8979-1BA923FEB909}"
EndProject
Project("{FAE04EC0-301F-11D3-BF4B-00C04F79EFBC}") = "Payrailz_JobScheduler", "Payrailz_JobScheduler\Payrailz_JobScheduler.csproj", "{FA3D6BE5-B25A-4EE5-A888-85F50DB368DE}"
EndProject
Global
	GlobalSection(SolutionConfigurationPlatforms) = preSolution
		Debug|Any CPU = Debug|Any CPU
		Release|Any CPU = Release|Any CPU
	EndGlobalSection
	GlobalSection(ProjectConfigurationPlatforms) = postSolution
		{81F1D066-1401-418F-899E-F7074DAFC971}.Debug|Any CPU.ActiveCfg = Debug|Any CPU
		{81F1D066-1401-418F-899E-F7074DAFC971}.Debug|Any CPU.Build.0 = Debug|Any CPU
		{81F1D066-1401-418F-899E-F7074DAFC971}.Release|Any CPU.ActiveCfg = Release|Any CPU
		{81F1D066-1401-418F-899E-F7074DAFC971}.Release|Any CPU.Build.0 = Release|Any CPU
		{E9D00D06-2421-4665-8979-1BA923FEB909}.Debug|Any CPU.ActiveCfg = Debug|Any CPU
		{E9D00D06-2421-4665-8979-1BA923FEB909}.Debug|Any CPU.Build.0 = Debug|Any CPU
		{E9D00D06-2421-4665-8979-1BA923FEB909}.Release|Any CPU.ActiveCfg = Release|Any CPU
		{E9D00D06-2421-4665-8979-1BA923FEB909}.Release|Any CPU.Build.0 = Release|Any CPU
		{FA3D6BE5-B25A-4EE5-A888-85F50DB368DE}.Debug|Any CPU.ActiveCfg = Debug|Any CPU
		{FA3D6BE5-B25A-4EE5-A888-85F50DB368DE}.Debug|Any CPU.Build.0 = Debug|Any CPU
		{FA3D6BE5-B25A-4EE5-A888-85F50DB368DE}.Release|Any CPU.ActiveCfg = Release|Any CPU
		{FA3D6BE5-B25A-4EE5-A888-85F50DB368DE}.Release|Any CPU.Build.0 = Release|Any CPU
	EndGlobalSection
	GlobalSection(SolutionProperties) = preSolution
		HideSolutionNode = FALSE
	EndGlobalSection
	GlobalSection(ExtensibilityGlobals) = postSolution
		SolutionGuid = {D18753EB-EC36-4D45-92C7-717C19D66F5F}
	EndGlobalSection
EndGlobal
